
Microsoft Visual Studio Solution File, Format Version 12.00
# Visual Studio 15
Project("{FAE04EC0-301F-11D3-BF4B-00C04F79EFBC}") = "Assembly-CSharp", "Assembly-CSharp.csproj", "{8693B1D9-5BEE-1836-0202-76E4FF36DB1B}"
EndProject
Project("{FAE04EC0-301F-11D3-BF4B-00C04F79EFBC}") = "Assembly-CSharp-Editor", "Assembly-CSharp-Editor.csproj", "{971AA01C-8437-7BD4-E217-F638E70A0A1B}"
EndProject
Global
	GlobalSection(SolutionConfigurationPlatforms) = preSolution
		Debug|Any CPU = Debug|Any CPU
		Release|Any CPU = Release|Any CPU
	EndGlobalSection
	GlobalSection(ProjectConfigurationPlatforms) = postSolution
		{8693B1D9-5BEE-1836-0202-76E4FF36DB1B}.Debug|Any CPU.ActiveCfg = Debug|Any CPU
		{8693B1D9-5BEE-1836-0202-76E4FF36DB1B}.Debug|Any CPU.Build.0 = Debug|Any CPU
		{8693B1D9-5BEE-1836-0202-76E4FF36DB1B}.Release|Any CPU.ActiveCfg = Release|Any CPU
		{8693B1D9-5BEE-1836-0202-76E4FF36DB1B}.Release|Any CPU.Build.0 = Release|Any CPU
		{971AA01C-8437-7BD4-E217-F638E70A0A1B}.Debug|Any CPU.ActiveCfg = Debug|Any CPU
		{971AA01C-8437-7BD4-E217-F638E70A0A1B}.Debug|Any CPU.Build.0 = Debug|Any CPU
		{971AA01C-8437-7BD4-E217-F638E70A0A1B}.Release|Any CPU.ActiveCfg = Release|Any CPU
		{971AA01C-8437-7BD4-E217-F638E70A0A1B}.Release|Any CPU.Build.0 = Release|Any CPU
	EndGlobalSection
	GlobalSection(SolutionProperties) = preSolution
		HideSolutionNode = FALSE
	EndGlobalSection
EndGlobal
